{
  "version": "4",
  "specifiers": {
    "jsr:@divy/sdl2@0.14": "0.14.0",
    "jsr:@smack0007/sdl-ts@2.30.2": "2.30.2",
    "jsr:@std/path@1.0.1": "1.0.1",
    "npm:create-vite-extra@latest": "3.0.0"
  },
  "jsr": {
    "@divy/sdl2@0.14.0": {
      "integrity": "01347d34dd12cabd972eec340a142cdc6176f9e2720a72ab3515f73cf9d27bad"
    },
    "@smack0007/sdl-ts@2.30.2": {
      "integrity": "bf64671726ccc16c97c48e19eb9d6a8a6aa68a8cd425acb02abb9b6d9f1d0ce0",
      "dependencies": [
        "jsr:@std/path"
      ]
    },
    "@std/path@1.0.1": {
      "integrity": "e061ff02c28481ca49e3a14981875c345e9fc7e973190672782cd0ac8af70428"
    }
  },
  "npm": {
    "create-vite-extra@3.0.0": {
      "integrity": "sha512-UBhkDKwxmTCIcxEyppy6HVE5x3ZRwA5UEdVBpn0M5NfE6eqt7TI4B3af3JZCvbUv8LMbfUcnHvP//cP75HwRug==",
      "dependencies": [
        "minimist",
        "picocolors",
        "prompts"
      ]
    },
    "kleur@3.0.3": {
      "integrity": "sha512-eTIzlVOSUR+JxdDFepEYcBMtZ9Qqdef+rnzWdRZuMbOywu5tO2w2N7rqjoANZ5k9vywhL6Br1VRjUIgTQx4E8w=="
    },
    "minimist@1.2.8": {
      "integrity": "sha512-2yyAR8qBkN3YuheJanUpWC5U3bb5osDywNB8RzDVlDwDHbocAJveqqj1u8+SVD7jkWT4yvsHCpWqqWqAxb0zCA=="
    },
    "picocolors@1.1.1": {
      "integrity": "sha512-xceH2snhtb5M9liqDsmEw56le376mTZkEX/jEb/RxNFyegNul7eNslCXP9FDj/Lcu0X8KEyMceP2ntpaHrDEVA=="
    },
    "prompts@2.4.2": {
      "integrity": "sha512-NxNv/kLguCA7p3jE8oL2aEBsrJWgAakBpgmgK6lpPWV+WuOmY6r2/zbAVnP+T8bQlA0nzHXSJSJW0Hq7ylaD2Q==",
      "dependencies": [
        "kleur",
        "sisteransi"
      ]
    },
    "sisteransi@1.0.5": {
      "integrity": "sha512-bLGGlR1QxBcynn2d5YmDX4MGjlZvy2MRBDRNHLJ8VI6l6+9FUiyTFNJ0IveOSP0bcXgVDPRcfGqA0pjaqUpfVg=="
    }
  },
  "workspace": {
    "dependencies": [
      "jsr:@smack0007/sdl-ts@2.30.2",
      "jsr:@std/assert@1.0.0",
      "jsr:@std/fmt@0.225.6",
      "jsr:@std/path@1.0.1"
    ]
  }
}
